<?xml version="1.0" encoding="utf-8"?>
<Project ToolsVersion="4.0" xmlns="http://schemas.microsoft.com/developer/msbuild/2003">
  <ItemGroup>
    <Filter Include="po">
      <UniqueIdentifier>{fb917069-0168-4e6a-b1b8-1f99ef4b53f3}</UniqueIdentifier>
    </Filter>
    <Filter Include="po\frame">
      <UniqueIdentifier>{cd3f400d-b8f1-490b-a630-5420f8a6c1a8}</UniqueIdentifier>
    </Filter>
    <Filter Include="po\tool">
      <UniqueIdentifier>{dbc8fb35-ecfd-4372-9185-f6c79205631b}</UniqueIdentifier>
    </Filter>
    <Filter Include="po\platform">
      <UniqueIdentifier>{3807a9bd-2018-4957-a558-f678014ed52f}</UniqueIdentifier>
    </Filter>
  </ItemGroup>
  <ItemGroup>
    <ClCompile Include="..\..\..\include\po\frame\object_pool.cpp">
      <Filter>po\frame</Filter>
    </ClCompile>
    <ClCompile Include="..\..\..\include\po\platform\asynchronous_affairs.cpp">
      <Filter>po\platform</Filter>
    </ClCompile>
    <ClCompile Include="..\..\..\include\po\platform\platform.cpp">
      <Filter>po\platform</Filter>
    </ClCompile>
    <ClCompile Include="..\..\..\include\po\tool\utf_support.cpp">
      <Filter>po\tool</Filter>
    </ClCompile>
    <ClCompile Include="..\..\..\include\po\tool\tool.cpp">
      <Filter>po\tool</Filter>
    </ClCompile>
    <ClCompile Include="..\..\..\include\po\tool\simple_command_analyzer.cpp">
      <Filter>po\tool</Filter>
    </ClCompile>
    <ClCompile Include="..\..\..\include\po\tool\memory_pool.cpp">
      <Filter>po\tool</Filter>
    </ClCompile>
    <ClCompile Include="..\..\..\include\po\tool\math.cpp">
      <Filter>po\tool</Filter>
    </ClCompile>
    <ClCompile Include="..\..\..\include\po\tool\event.cpp">
      <Filter>po\tool</Filter>
    </ClCompile>
  </ItemGroup>
  <ItemGroup>
    <ClInclude Include="..\..\..\include\po\frame\object_pool.h">
      <Filter>po\frame</Filter>
    </ClInclude>
    <ClInclude Include="..\..\..\include\po\frame\context.h">
      <Filter>po\frame</Filter>
    </ClInclude>
    <ClInclude Include="..\..\..\include\po\platform\asynchronous_affairs.h">
      <Filter>po\platform</Filter>
    </ClInclude>
    <ClInclude Include="..\..\..\include\po\platform\platform.h">
      <Filter>po\platform</Filter>
    </ClInclude>
    <ClInclude Include="..\..\..\include\po\tool\utf_support.h">
      <Filter>po\tool</Filter>
    </ClInclude>
    <ClInclude Include="..\..\..\include\po\tool\tool.h">
      <Filter>po\tool</Filter>
    </ClInclude>
    <ClInclude Include="..\..\..\include\po\tool\tmpcall.h">
      <Filter>po\tool</Filter>
    </ClInclude>
    <ClInclude Include="..\..\..\include\po\tool\tmp.h">
      <Filter>po\tool</Filter>
    </ClInclude>
    <ClInclude Include="..\..\..\include\po\tool\simple_command_analyzer.h">
      <Filter>po\tool</Filter>
    </ClInclude>
    <ClInclude Include="..\..\..\include\po\tool\path_system.h">
      <Filter>po\tool</Filter>
    </ClInclude>
    <ClInclude Include="..\..\..\include\po\tool\memory_pool.h">
      <Filter>po\tool</Filter>
    </ClInclude>
    <ClInclude Include="..\..\..\include\po\tool\math.h">
      <Filter>po\tool</Filter>
    </ClInclude>
    <ClInclude Include="..\..\..\include\po\tool\mail.h">
      <Filter>po\tool</Filter>
    </ClInclude>
    <ClInclude Include="..\..\..\include\po\tool\event.h">
      <Filter>po\tool</Filter>
    </ClInclude>
    <ClInclude Include="..\..\..\include\po\tool\auto_adapter.h">
      <Filter>po\tool</Filter>
    </ClInclude>
    <ClInclude Include="..\..\..\include\po\po.h">
      <Filter>po</Filter>
    </ClInclude>
    <ClInclude Include="..\..\..\include\po\po_implement.h">
      <Filter>po</Filter>
    </ClInclude>
  </ItemGroup>
  <ItemGroup>
    <None Include="..\..\..\include\po\tool\readme.md">
      <Filter>po\tool</Filter>
    </None>
  </ItemGroup>
</Project>