<?xml version="1.0" encoding="utf-8"?>
<Project ToolsVersion="4.0" xmlns="http://schemas.microsoft.com/developer/msbuild/2003">
  <ItemGroup>
    <Filter Include="po">
      <UniqueIdentifier>{73e8bde2-1807-4ef4-b28a-a3ddb61026f0}</UniqueIdentifier>
    </Filter>
    <Filter Include="po\frame">
      <UniqueIdentifier>{9334802d-d260-43e4-b47d-b8b69e0b2adf}</UniqueIdentifier>
    </Filter>
    <Filter Include="po\tool">
      <UniqueIdentifier>{d673c4e2-24ae-433e-8049-9021bc1993a3}</UniqueIdentifier>
    </Filter>
  </ItemGroup>
  <ItemGroup>
    <ClCompile Include="..\..\..\include\po\frame\define.cpp">
      <Filter>po\frame</Filter>
    </ClCompile>
    <ClCompile Include="..\..\..\include\po\tool\utf_support.cpp">
      <Filter>po\tool</Filter>
    </ClCompile>
    <ClCompile Include="..\..\..\include\po\tool\thread_tool.cpp">
      <Filter>po\tool</Filter>
    </ClCompile>
    <ClCompile Include="..\..\..\include\po\tool\scene.cpp">
      <Filter>po\tool</Filter>
    </ClCompile>
    <ClCompile Include="..\..\..\include\po\plugin.cpp">
      <Filter>po</Filter>
    </ClCompile>
    <ClCompile Include="..\..\..\include\po\po.cpp">
      <Filter>po</Filter>
    </ClCompile>
    <ClCompile Include="..\..\..\include\po\renderer.cpp">
      <Filter>po</Filter>
    </ClCompile>
    <ClCompile Include="..\..\..\include\po\frame\adapter.cpp">
      <Filter>po\frame</Filter>
    </ClCompile>
    <ClCompile Include="..\..\..\include\po\extension.cpp">
      <Filter>po</Filter>
    </ClCompile>
    <ClCompile Include="..\..\..\include\po\respond.cpp">
      <Filter>po</Filter>
    </ClCompile>
    <ClCompile Include="..\..\..\include\po\tool\simple_command_analyzer.cpp">
      <Filter>po\tool</Filter>
    </ClCompile>
  </ItemGroup>
  <ItemGroup>
    <ClInclude Include="..\..\..\include\po\frame\viewer.h">
      <Filter>po\frame</Filter>
    </ClInclude>
    <ClInclude Include="..\..\..\include\po\frame\event.h">
      <Filter>po\frame</Filter>
    </ClInclude>
    <ClInclude Include="..\..\..\include\po\frame\error.h">
      <Filter>po\frame</Filter>
    </ClInclude>
    <ClInclude Include="..\..\..\include\po\frame\define.h">
      <Filter>po\frame</Filter>
    </ClInclude>
    <ClInclude Include="..\..\..\include\po\frame\adapter.h">
      <Filter>po\frame</Filter>
    </ClInclude>
    <ClInclude Include="..\..\..\include\po\tool\utf_support.h">
      <Filter>po\tool</Filter>
    </ClInclude>
    <ClInclude Include="..\..\..\include\po\tool\tool.h">
      <Filter>po\tool</Filter>
    </ClInclude>
    <ClInclude Include="..\..\..\include\po\tool\tmpcall.h">
      <Filter>po\tool</Filter>
    </ClInclude>
    <ClInclude Include="..\..\..\include\po\tool\tmp.h">
      <Filter>po\tool</Filter>
    </ClInclude>
    <ClInclude Include="..\..\..\include\po\tool\thread_tool.h">
      <Filter>po\tool</Filter>
    </ClInclude>
    <ClInclude Include="..\..\..\include\po\tool\scene.h">
      <Filter>po\tool</Filter>
    </ClInclude>
    <ClInclude Include="..\..\..\include\po\tool\mail.h">
      <Filter>po\tool</Filter>
    </ClInclude>
    <ClInclude Include="..\..\..\include\po\tool\auto_adapter.h">
      <Filter>po\tool</Filter>
    </ClInclude>
    <ClInclude Include="..\..\..\include\po\form.h">
      <Filter>po</Filter>
    </ClInclude>
    <ClInclude Include="..\..\..\include\po\plugin.h">
      <Filter>po</Filter>
    </ClInclude>
    <ClInclude Include="..\..\..\include\po\po.h">
      <Filter>po</Filter>
    </ClInclude>
    <ClInclude Include="..\..\..\include\po\renderer.h">
      <Filter>po</Filter>
    </ClInclude>
    <ClInclude Include="..\..\..\include\po\extension.h">
      <Filter>po</Filter>
    </ClInclude>
    <ClInclude Include="..\..\..\include\po\respond.h">
      <Filter>po</Filter>
    </ClInclude>
    <ClInclude Include="..\..\..\include\po\tool\simple_command_analyzer.h">
      <Filter>po\tool</Filter>
    </ClInclude>
  </ItemGroup>
  <ItemGroup>
    <None Include="..\..\..\include\po\tool\readme.md">
      <Filter>po\tool</Filter>
    </None>
  </ItemGroup>
</Project>