<?xml version="1.0" encoding="utf-8"?>
<Project ToolsVersion="4.0" xmlns="http://schemas.microsoft.com/developer/msbuild/2003">
  <ItemGroup>
    <Filter Include="源文件">
      <UniqueIdentifier>{4FC737F1-C7A5-4376-A066-2A32D752A2FF}</UniqueIdentifier>
      <Extensions>cpp;c;cc;cxx;def;odl;idl;hpj;bat;asm;asmx</Extensions>
    </Filter>
    <Filter Include="头文件">
      <UniqueIdentifier>{93995380-89BD-4b04-88EB-625FBE52EBFB}</UniqueIdentifier>
      <Extensions>h;hh;hpp;hxx;hm;inl;inc;xsd</Extensions>
    </Filter>
    <Filter Include="资源文件">
      <UniqueIdentifier>{67DA6AB6-F800-4c08-8B7A-83BB121AAD01}</UniqueIdentifier>
      <Extensions>rc;ico;cur;bmp;dlg;rc2;rct;bin;rgs;gif;jpg;jpeg;jpe;resx;tiff;tif;png;wav;mfcribbon-ms</Extensions>
    </Filter>
    <Filter Include="material_testing">
      <UniqueIdentifier>{ee639bf4-fa94-468b-b49f-fa711a03396d}</UniqueIdentifier>
    </Filter>
    <Filter Include="material">
      <UniqueIdentifier>{06d65d78-635e-44cb-8753-a7fe48fdd180}</UniqueIdentifier>
    </Filter>
    <Filter Include="geometry">
      <UniqueIdentifier>{b10f707d-5dee-4768-af92-d5bd2a50cf2b}</UniqueIdentifier>
    </Filter>
    <Filter Include="compute">
      <UniqueIdentifier>{3d322dda-0030-444b-b123-74ca908a3398}</UniqueIdentifier>
    </Filter>
    <Filter Include="material\shader">
      <UniqueIdentifier>{8cd0f547-9941-4b42-b29e-e87babbe1629}</UniqueIdentifier>
    </Filter>
    <Filter Include="compute\shader">
      <UniqueIdentifier>{16046447-554e-46b0-bc4e-fafee3ce37ba}</UniqueIdentifier>
    </Filter>
    <Filter Include="placement">
      <UniqueIdentifier>{863a428f-d18f-496a-91c3-f84d588c1cda}</UniqueIdentifier>
    </Filter>
    <Filter Include="placement\shader">
      <UniqueIdentifier>{5c82a335-3592-45f0-a913-d17cc1747ed1}</UniqueIdentifier>
    </Filter>
    <Filter Include="shader_include">
      <UniqueIdentifier>{0bf3018a-7caa-48af-8833-8129ef388747}</UniqueIdentifier>
    </Filter>
  </ItemGroup>
  <ItemGroup>
    <ClCompile Include="volum_cloud_main.cpp">
      <Filter>源文件</Filter>
    </ClCompile>
    <ClCompile Include="compute\generator_3d_volume_texture.cpp">
      <Filter>compute</Filter>
    </ClCompile>
    <ClCompile Include="material\texture_3d_viewer.cpp">
      <Filter>material</Filter>
    </ClCompile>
    <ClCompile Include="placement\default_ui.cpp">
      <Filter>placement</Filter>
    </ClCompile>
    <ClCompile Include="new_plugin.cpp">
      <Filter>源文件</Filter>
    </ClCompile>
    <ClCompile Include="compute\generator_3d_shadow_texture_64.cpp">
      <Filter>compute</Filter>
    </ClCompile>
    <ClCompile Include="material\render_3d_volume_texture_64.cpp">
      <Filter>material</Filter>
    </ClCompile>
    <ClCompile Include="compute\generator_2d_worley_noise_texture.cpp">
      <Filter>compute</Filter>
    </ClCompile>
    <ClCompile Include="compute\volume_cloud_compute.cpp">
      <Filter>compute</Filter>
    </ClCompile>
    <ClCompile Include="material\volume_cloud_material.cpp">
      <Filter>material</Filter>
    </ClCompile>
  </ItemGroup>
  <ItemGroup>
    <ClInclude Include="compute\generator_3d_volume_texture.h">
      <Filter>compute</Filter>
    </ClInclude>
    <ClInclude Include="material\texture_3d_viewer.h">
      <Filter>material</Filter>
    </ClInclude>
    <ClInclude Include="placement\default_ui.h">
      <Filter>placement</Filter>
    </ClInclude>
    <ClInclude Include="new_plugin.h">
      <Filter>头文件</Filter>
    </ClInclude>
    <ClInclude Include="compute\generator_3d_shadow_texture_64.h">
      <Filter>compute</Filter>
    </ClInclude>
    <ClInclude Include="material\render_3d_volume_texture_64.h">
      <Filter>material</Filter>
    </ClInclude>
    <ClInclude Include="compute\generator_2d_worley_noise_texture.h">
      <Filter>compute</Filter>
    </ClInclude>
    <ClInclude Include="compute\volume_cloud_compute.h">
      <Filter>compute</Filter>
    </ClInclude>
    <ClInclude Include="material\volume_cloud_material.h">
      <Filter>material</Filter>
    </ClInclude>
  </ItemGroup>
  <ItemGroup>
    <None Include="shader_include\ray_function.hlsli">
      <Filter>shader_include</Filter>
    </None>
    <None Include="compute\shader\volume_cloud_compute_property.hlsli">
      <Filter>compute\shader</Filter>
    </None>
    <None Include="material\shader\volume_cloud_material_property.hlsli">
      <Filter>material\shader</Filter>
    </None>
  </ItemGroup>
  <ItemGroup>
    <FxCompile Include="compute\shader\volume_cloud_compute_worley_noise_tex2_3d_cs.hlsl">
      <Filter>compute\shader</Filter>
    </FxCompile>
    <FxCompile Include="material\shader\volume_cloud_material_transparent_render_2d_for_3d_64_ps.hlsl">
      <Filter>material\shader</Filter>
    </FxCompile>
  </ItemGroup>
</Project>