
Microsoft Visual Studio Solution File, Format Version 12.00
# Visual Studio 15
VisualStudioVersion = 15.0.26730.15
MinimumVisualStudioVersion = 10.0.40219.1
Project("{8BC9CEB8-8B4A-11D0-8D11-00A0C91BC942}") = "volume_cloud", "volume_cloud\volume_cloud.vcxproj", "{B34FC928-6E7D-4162-88C3-B7EADDC222E3}"
	ProjectSection(ProjectDependencies) = postProject
		{B9A1E44C-31B4-423F-A7A6-83DF9F8E480F} = {B9A1E44C-31B4-423F-A7A6-83DF9F8E480F}
		{87E900F8-C2FD-4AA5-9540-3B1AE01C7ED8} = {87E900F8-C2FD-4AA5-9540-3B1AE01C7ED8}
	EndProjectSection
EndProject
Project("{8BC9CEB8-8B4A-11D0-8D11-00A0C91BC942}") = "po", "..\..\project\vs2017\po\po.vcxproj", "{B9A1E44C-31B4-423F-A7A6-83DF9F8E480F}"
EndProject
Project("{8BC9CEB8-8B4A-11D0-8D11-00A0C91BC942}") = "po_dx11", "..\..\project\vs2017\po_dx11\po_dx11.vcxproj", "{87E900F8-C2FD-4AA5-9540-3B1AE01C7ED8}"
EndProject
Global
	GlobalSection(SolutionConfigurationPlatforms) = preSolution
		Debug|x64 = Debug|x64
		Debug|x86 = Debug|x86
		Release|x64 = Release|x64
		Release|x86 = Release|x86
	EndGlobalSection
	GlobalSection(ProjectConfigurationPlatforms) = postSolution
		{B34FC928-6E7D-4162-88C3-B7EADDC222E3}.Debug|x64.ActiveCfg = Debug|x64
		{B34FC928-6E7D-4162-88C3-B7EADDC222E3}.Debug|x64.Build.0 = Debug|x64
		{B34FC928-6E7D-4162-88C3-B7EADDC222E3}.Debug|x86.ActiveCfg = Debug|Win32
		{B34FC928-6E7D-4162-88C3-B7EADDC222E3}.Debug|x86.Build.0 = Debug|Win32
		{B34FC928-6E7D-4162-88C3-B7EADDC222E3}.Release|x64.ActiveCfg = Release|x64
		{B34FC928-6E7D-4162-88C3-B7EADDC222E3}.Release|x64.Build.0 = Release|x64
		{B34FC928-6E7D-4162-88C3-B7EADDC222E3}.Release|x86.ActiveCfg = Release|Win32
		{B34FC928-6E7D-4162-88C3-B7EADDC222E3}.Release|x86.Build.0 = Release|Win32
		{B9A1E44C-31B4-423F-A7A6-83DF9F8E480F}.Debug|x64.ActiveCfg = Debug|x64
		{B9A1E44C-31B4-423F-A7A6-83DF9F8E480F}.Debug|x64.Build.0 = Debug|x64
		{B9A1E44C-31B4-423F-A7A6-83DF9F8E480F}.Debug|x86.ActiveCfg = Debug|Win32
		{B9A1E44C-31B4-423F-A7A6-83DF9F8E480F}.Debug|x86.Build.0 = Debug|Win32
		{B9A1E44C-31B4-423F-A7A6-83DF9F8E480F}.Release|x64.ActiveCfg = Release|x64
		{B9A1E44C-31B4-423F-A7A6-83DF9F8E480F}.Release|x64.Build.0 = Release|x64
		{B9A1E44C-31B4-423F-A7A6-83DF9F8E480F}.Release|x86.ActiveCfg = Release|Win32
		{B9A1E44C-31B4-423F-A7A6-83DF9F8E480F}.Release|x86.Build.0 = Release|Win32
		{87E900F8-C2FD-4AA5-9540-3B1AE01C7ED8}.Debug|x64.ActiveCfg = Debug|x64
		{87E900F8-C2FD-4AA5-9540-3B1AE01C7ED8}.Debug|x64.Build.0 = Debug|x64
		{87E900F8-C2FD-4AA5-9540-3B1AE01C7ED8}.Debug|x86.ActiveCfg = Debug|Win32
		{87E900F8-C2FD-4AA5-9540-3B1AE01C7ED8}.Debug|x86.Build.0 = Debug|Win32
		{87E900F8-C2FD-4AA5-9540-3B1AE01C7ED8}.Release|x64.ActiveCfg = Release|x64
		{87E900F8-C2FD-4AA5-9540-3B1AE01C7ED8}.Release|x64.Build.0 = Release|x64
		{87E900F8-C2FD-4AA5-9540-3B1AE01C7ED8}.Release|x86.ActiveCfg = Release|Win32
		{87E900F8-C2FD-4AA5-9540-3B1AE01C7ED8}.Release|x86.Build.0 = Release|Win32
	EndGlobalSection
	GlobalSection(SolutionProperties) = preSolution
		HideSolutionNode = FALSE
	EndGlobalSection
	GlobalSection(ExtensibilityGlobals) = postSolution
		SolutionGuid = {56A30E18-36C9-45B2-B04B-F6EAEC3121A1}
	EndGlobalSection
EndGlobal
