<?xml version="1.0" encoding="utf-8"?>
<Project ToolsVersion="4.0" xmlns="http://schemas.microsoft.com/developer/msbuild/2003">
  <ItemGroup>
    <Filter Include="Source Files">
      <UniqueIdentifier>{4FC737F1-C7A5-4376-A066-2A32D752A2FF}</UniqueIdentifier>
      <Extensions>cpp;c;cc;cxx;def;odl;idl;hpj;bat;asm;asmx</Extensions>
    </Filter>
    <Filter Include="Header Files">
      <UniqueIdentifier>{93995380-89BD-4b04-88EB-625FBE52EBFB}</UniqueIdentifier>
      <Extensions>h;hh;hpp;hxx;hm;inl;inc;xsd</Extensions>
    </Filter>
    <Filter Include="Resource Files">
      <UniqueIdentifier>{67DA6AB6-F800-4c08-8B7A-83BB121AAD01}</UniqueIdentifier>
      <Extensions>rc;ico;cur;bmp;dlg;rc2;rct;bin;rgs;gif;jpg;jpeg;jpe;resx;tiff;tif;png;wav;mfcribbon-ms</Extensions>
    </Filter>
    <Filter Include="tool">
      <UniqueIdentifier>{46aece5d-6877-4b52-ba5c-5d158d83531a}</UniqueIdentifier>
    </Filter>
    <Filter Include="frame">
      <UniqueIdentifier>{fc7b9747-eef9-4907-b7fc-c699c316630a}</UniqueIdentifier>
    </Filter>
  </ItemGroup>
  <ItemGroup>
    <ClCompile Include="..\frame\define.cpp">
      <Filter>frame</Filter>
    </ClCompile>
    <ClCompile Include="..\tool\thread_tool.cpp">
      <Filter>tool</Filter>
    </ClCompile>
    <ClCompile Include="..\po.cpp">
      <Filter>Source Files</Filter>
    </ClCompile>
    <ClCompile Include="..\frame\resource_loader.cpp">
      <Filter>frame</Filter>
    </ClCompile>
    <ClCompile Include="..\frame\frame.cpp">
      <Filter>frame</Filter>
    </ClCompile>
  </ItemGroup>
  <ItemGroup>
    <ClInclude Include="..\frame\define.h">
      <Filter>frame</Filter>
    </ClInclude>
    <ClInclude Include="..\frame\event.h">
      <Filter>frame</Filter>
    </ClInclude>
    <ClInclude Include="..\frame\frame.h">
      <Filter>frame</Filter>
    </ClInclude>
    <ClInclude Include="..\tool\auto_adapter.h">
      <Filter>tool</Filter>
    </ClInclude>
    <ClInclude Include="..\tool\mail.h">
      <Filter>tool</Filter>
    </ClInclude>
    <ClInclude Include="..\tool\thread_tool.h">
      <Filter>tool</Filter>
    </ClInclude>
    <ClInclude Include="..\tool\thread_tool.hpp">
      <Filter>tool</Filter>
    </ClInclude>
    <ClInclude Include="..\tool\tmp.h">
      <Filter>tool</Filter>
    </ClInclude>
    <ClInclude Include="..\tool\tool.h">
      <Filter>tool</Filter>
    </ClInclude>
    <ClInclude Include="..\po.h">
      <Filter>Header Files</Filter>
    </ClInclude>
    <ClInclude Include="..\frame\error.h">
      <Filter>frame</Filter>
    </ClInclude>
    <ClInclude Include="..\frame\resource_loader.h">
      <Filter>frame</Filter>
    </ClInclude>
  </ItemGroup>
</Project>