
Microsoft Visual Studio Solution File, Format Version 12.00
# Visual Studio 15
VisualStudioVersion = 15.0.27428.2005
MinimumVisualStudioVersion = 10.0.40219.1
Project("{8BC9CEB8-8B4A-11D0-8D11-00A0C91BC942}") = "po_demo", "po_demo\po_demo.vcxproj", "{52224B00-EF42-4C1F-8E5D-6A69BBCC5634}"
	ProjectSection(ProjectDependencies) = postProject
		{9726494C-B366-44D1-A413-2429B019F6D9} = {9726494C-B366-44D1-A413-2429B019F6D9}
	EndProjectSection
EndProject
Project("{8BC9CEB8-8B4A-11D0-8D11-00A0C91BC942}") = "po", "..\..\project\vs2017\po\po.vcxproj", "{9726494C-B366-44D1-A413-2429B019F6D9}"
EndProject
Global
	GlobalSection(SolutionConfigurationPlatforms) = preSolution
		Debug|x64 = Debug|x64
		Debug|x86 = Debug|x86
		Release|x64 = Release|x64
		Release|x86 = Release|x86
	EndGlobalSection
	GlobalSection(ProjectConfigurationPlatforms) = postSolution
		{52224B00-EF42-4C1F-8E5D-6A69BBCC5634}.Debug|x64.ActiveCfg = Debug|x64
		{52224B00-EF42-4C1F-8E5D-6A69BBCC5634}.Debug|x64.Build.0 = Debug|x64
		{52224B00-EF42-4C1F-8E5D-6A69BBCC5634}.Debug|x86.ActiveCfg = Debug|Win32
		{52224B00-EF42-4C1F-8E5D-6A69BBCC5634}.Debug|x86.Build.0 = Debug|Win32
		{52224B00-EF42-4C1F-8E5D-6A69BBCC5634}.Release|x64.ActiveCfg = Release|x64
		{52224B00-EF42-4C1F-8E5D-6A69BBCC5634}.Release|x64.Build.0 = Release|x64
		{52224B00-EF42-4C1F-8E5D-6A69BBCC5634}.Release|x86.ActiveCfg = Release|Win32
		{52224B00-EF42-4C1F-8E5D-6A69BBCC5634}.Release|x86.Build.0 = Release|Win32
		{9726494C-B366-44D1-A413-2429B019F6D9}.Debug|x64.ActiveCfg = Debug|x64
		{9726494C-B366-44D1-A413-2429B019F6D9}.Debug|x64.Build.0 = Debug|x64
		{9726494C-B366-44D1-A413-2429B019F6D9}.Debug|x86.ActiveCfg = Debug|Win32
		{9726494C-B366-44D1-A413-2429B019F6D9}.Debug|x86.Build.0 = Debug|Win32
		{9726494C-B366-44D1-A413-2429B019F6D9}.Release|x64.ActiveCfg = Release|x64
		{9726494C-B366-44D1-A413-2429B019F6D9}.Release|x64.Build.0 = Release|x64
		{9726494C-B366-44D1-A413-2429B019F6D9}.Release|x86.ActiveCfg = Release|Win32
		{9726494C-B366-44D1-A413-2429B019F6D9}.Release|x86.Build.0 = Release|Win32
	EndGlobalSection
	GlobalSection(SolutionProperties) = preSolution
		HideSolutionNode = FALSE
	EndGlobalSection
	GlobalSection(ExtensibilityGlobals) = postSolution
		SolutionGuid = {F1011F72-7CA1-46FD-AEC8-035873371412}
	EndGlobalSection
EndGlobal
