<?xml version="1.0" encoding="utf-8"?>
<Project ToolsVersion="4.0" xmlns="http://schemas.microsoft.com/developer/msbuild/2003">
  <ItemGroup>
    <Filter Include="dx">
      <UniqueIdentifier>{fc7f8b5b-d093-4260-89da-0a0f9d197ca4}</UniqueIdentifier>
    </Filter>
    <Filter Include="interface">
      <UniqueIdentifier>{a2b7521c-4a1f-4730-b9e6-5e513346b67d}</UniqueIdentifier>
    </Filter>
    <Filter Include="dxgi">
      <UniqueIdentifier>{c0fa0131-ebd6-4cd3-ac7a-0d3f3edcaf6f}</UniqueIdentifier>
    </Filter>
    <Filter Include="win32">
      <UniqueIdentifier>{14ae33f4-89d3-468f-95da-2525f187bf1b}</UniqueIdentifier>
    </Filter>
    <Filter Include="dx11">
      <UniqueIdentifier>{fcda1250-100a-4779-911c-88dffaba0e6e}</UniqueIdentifier>
    </Filter>
  </ItemGroup>
  <ItemGroup>
    <ClCompile Include="..\..\..\include\graphic\dx\controller.cpp">
      <Filter>dx</Filter>
    </ClCompile>
    <ClCompile Include="..\..\..\include\graphic\dx\dx_math.cpp">
      <Filter>dx</Filter>
    </ClCompile>
    <ClCompile Include="..\..\..\include\graphic\dx\dx_type.cpp">
      <Filter>dx</Filter>
    </ClCompile>
    <ClCompile Include="..\..\..\include\graphic\dx\hlsl_reflection.cpp">
      <Filter>dx</Filter>
    </ClCompile>
    <ClCompile Include="..\..\..\include\graphic\dx\movement.cpp">
      <Filter>dx</Filter>
    </ClCompile>
    <ClCompile Include="..\..\..\include\graphic\interface\event.cpp">
      <Filter>interface</Filter>
    </ClCompile>
    <ClCompile Include="..\..\..\include\graphic\interface\material.cpp">
      <Filter>interface</Filter>
    </ClCompile>
    <ClCompile Include="..\..\..\include\graphic\interface\texture.cpp">
      <Filter>interface</Filter>
    </ClCompile>
    <ClCompile Include="..\..\..\include\graphic\dxgi\dxgi_define.cpp">
      <Filter>dxgi</Filter>
    </ClCompile>
    <ClCompile Include="..\..\..\include\graphic\dxgi\dxgi_log.cpp">
      <Filter>dxgi</Filter>
    </ClCompile>
    <ClCompile Include="..\..\..\include\graphic\dx11\dx11_buildin_element.cpp">
      <Filter>dx11</Filter>
    </ClCompile>
    <ClCompile Include="..\..\..\include\graphic\dx11\dx11_element.cpp">
      <Filter>dx11</Filter>
    </ClCompile>
    <ClCompile Include="..\..\..\include\graphic\dx11\dx11_form.cpp">
      <Filter>dx11</Filter>
    </ClCompile>
    <ClCompile Include="..\..\..\include\graphic\dx11\dx11_frame.cpp">
      <Filter>dx11</Filter>
    </ClCompile>
    <ClCompile Include="..\..\..\include\graphic\dx11\dx11_renderer.cpp">
      <Filter>dx11</Filter>
    </ClCompile>
    <ClCompile Include="..\..\..\include\graphic\win32\win32_event.cpp">
      <Filter>win32</Filter>
    </ClCompile>
    <ClCompile Include="..\..\..\include\graphic\win32\win32_form.cpp">
      <Filter>win32</Filter>
    </ClCompile>
    <ClCompile Include="..\..\..\include\graphic\win32\win32_log.cpp">
      <Filter>win32</Filter>
    </ClCompile>
  </ItemGroup>
  <ItemGroup>
    <ClInclude Include="..\..\..\include\graphic\dx\controller.h">
      <Filter>dx</Filter>
    </ClInclude>
    <ClInclude Include="..\..\..\include\graphic\dx\dx_math.h">
      <Filter>dx</Filter>
    </ClInclude>
    <ClInclude Include="..\..\..\include\graphic\dx\dx_type.h">
      <Filter>dx</Filter>
    </ClInclude>
    <ClInclude Include="..\..\..\include\graphic\dx\hlsl_reflection.h">
      <Filter>dx</Filter>
    </ClInclude>
    <ClInclude Include="..\..\..\include\graphic\dx\movement.h">
      <Filter>dx</Filter>
    </ClInclude>
    <ClInclude Include="..\..\..\include\graphic\dx\view_property.h">
      <Filter>dx</Filter>
    </ClInclude>
    <ClInclude Include="..\..\..\include\graphic\interface\event.h">
      <Filter>interface</Filter>
    </ClInclude>
    <ClInclude Include="..\..\..\include\graphic\interface\format.h">
      <Filter>interface</Filter>
    </ClInclude>
    <ClInclude Include="..\..\..\include\graphic\interface\material.h">
      <Filter>interface</Filter>
    </ClInclude>
    <ClInclude Include="..\..\..\include\graphic\interface\po_graphic.h">
      <Filter>interface</Filter>
    </ClInclude>
    <ClInclude Include="..\..\..\include\graphic\interface\property.h">
      <Filter>interface</Filter>
    </ClInclude>
    <ClInclude Include="..\..\..\include\graphic\interface\texture.h">
      <Filter>interface</Filter>
    </ClInclude>
    <ClInclude Include="..\..\..\include\graphic\interface\variable.h">
      <Filter>interface</Filter>
    </ClInclude>
    <ClInclude Include="..\..\..\include\graphic\dxgi\dxgi_define.h">
      <Filter>dxgi</Filter>
    </ClInclude>
    <ClInclude Include="..\..\..\include\graphic\dxgi\dxgi_log.h">
      <Filter>dxgi</Filter>
    </ClInclude>
    <ClInclude Include="..\..\..\include\graphic\dx11\dx11_buildin_element.h">
      <Filter>dx11</Filter>
    </ClInclude>
    <ClInclude Include="..\..\..\include\graphic\dx11\dx11_define.h">
      <Filter>dx11</Filter>
    </ClInclude>
    <ClInclude Include="..\..\..\include\graphic\dx11\dx11_element.h">
      <Filter>dx11</Filter>
    </ClInclude>
    <ClInclude Include="..\..\..\include\graphic\dx11\dx11_form.h">
      <Filter>dx11</Filter>
    </ClInclude>
    <ClInclude Include="..\..\..\include\graphic\dx11\dx11_frame.h">
      <Filter>dx11</Filter>
    </ClInclude>
    <ClInclude Include="..\..\..\include\graphic\dx11\dx11_renderer.h">
      <Filter>dx11</Filter>
    </ClInclude>
    <ClInclude Include="..\..\..\include\graphic\win32\win32_define.h">
      <Filter>win32</Filter>
    </ClInclude>
    <ClInclude Include="..\..\..\include\graphic\win32\win32_event.h">
      <Filter>win32</Filter>
    </ClInclude>
    <ClInclude Include="..\..\..\include\graphic\win32\win32_form.h">
      <Filter>win32</Filter>
    </ClInclude>
    <ClInclude Include="..\..\..\include\graphic\win32\win32_log.h">
      <Filter>win32</Filter>
    </ClInclude>
  </ItemGroup>
</Project>