
Microsoft Visual Studio Solution File, Format Version 12.00
# Visual Studio 15
VisualStudioVersion = 15.0.26430.13
MinimumVisualStudioVersion = 10.0.40219.1
Project("{8BC9CEB8-8B4A-11D0-8D11-00A0C91BC942}") = "frame_testing", "Project1\Project1.vcxproj", "{3F5BD5FE-3538-4AD2-91A5-17CA48176708}"
	ProjectSection(ProjectDependencies) = postProject
		{30395A66-6F97-423D-A3C4-16DF6DC0ED57} = {30395A66-6F97-423D-A3C4-16DF6DC0ED57}
		{9D8072CC-D63B-4BE9-A013-E1DEA593878B} = {9D8072CC-D63B-4BE9-A013-E1DEA593878B}
		{16DCD2CE-0107-4E45-90A6-9D7598A0A2BB} = {16DCD2CE-0107-4E45-90A6-9D7598A0A2BB}
		{4F07FEEE-7F31-420B-9D5F-EFD7E3CA908B} = {4F07FEEE-7F31-420B-9D5F-EFD7E3CA908B}
	EndProjectSection
EndProject
Project("{8BC9CEB8-8B4A-11D0-8D11-00A0C91BC942}") = "po", "..\..\vs2017\po\po.vcxproj", "{30395A66-6F97-423D-A3C4-16DF6DC0ED57}"
EndProject
Project("{8BC9CEB8-8B4A-11D0-8D11-00A0C91BC942}") = "win32", "..\..\gui\win32\vs2017\win32\win32.vcxproj", "{9D8072CC-D63B-4BE9-A013-E1DEA593878B}"
EndProject
Project("{8BC9CEB8-8B4A-11D0-8D11-00A0C91BC942}") = "dx", "..\..\gui\dx\vs2017\dx\dx.vcxproj", "{16DCD2CE-0107-4E45-90A6-9D7598A0A2BB}"
EndProject
Project("{8BC9CEB8-8B4A-11D0-8D11-00A0C91BC942}") = "dx11", "..\..\gui\dx11\vs2017\dx11\dx11.vcxproj", "{4F07FEEE-7F31-420B-9D5F-EFD7E3CA908B}"
EndProject
Global
	GlobalSection(SolutionConfigurationPlatforms) = preSolution
		Debug|x64 = Debug|x64
		Debug|x86 = Debug|x86
		Release|x64 = Release|x64
		Release|x86 = Release|x86
	EndGlobalSection
	GlobalSection(ProjectConfigurationPlatforms) = postSolution
		{3F5BD5FE-3538-4AD2-91A5-17CA48176708}.Debug|x64.ActiveCfg = Debug|x64
		{3F5BD5FE-3538-4AD2-91A5-17CA48176708}.Debug|x64.Build.0 = Debug|x64
		{3F5BD5FE-3538-4AD2-91A5-17CA48176708}.Debug|x86.ActiveCfg = Debug|Win32
		{3F5BD5FE-3538-4AD2-91A5-17CA48176708}.Debug|x86.Build.0 = Debug|Win32
		{3F5BD5FE-3538-4AD2-91A5-17CA48176708}.Release|x64.ActiveCfg = Release|x64
		{3F5BD5FE-3538-4AD2-91A5-17CA48176708}.Release|x64.Build.0 = Release|x64
		{3F5BD5FE-3538-4AD2-91A5-17CA48176708}.Release|x86.ActiveCfg = Release|Win32
		{3F5BD5FE-3538-4AD2-91A5-17CA48176708}.Release|x86.Build.0 = Release|Win32
		{30395A66-6F97-423D-A3C4-16DF6DC0ED57}.Debug|x64.ActiveCfg = Debug|x64
		{30395A66-6F97-423D-A3C4-16DF6DC0ED57}.Debug|x64.Build.0 = Debug|x64
		{30395A66-6F97-423D-A3C4-16DF6DC0ED57}.Debug|x86.ActiveCfg = Debug|Win32
		{30395A66-6F97-423D-A3C4-16DF6DC0ED57}.Debug|x86.Build.0 = Debug|Win32
		{30395A66-6F97-423D-A3C4-16DF6DC0ED57}.Release|x64.ActiveCfg = Release|x64
		{30395A66-6F97-423D-A3C4-16DF6DC0ED57}.Release|x64.Build.0 = Release|x64
		{30395A66-6F97-423D-A3C4-16DF6DC0ED57}.Release|x86.ActiveCfg = Release|Win32
		{30395A66-6F97-423D-A3C4-16DF6DC0ED57}.Release|x86.Build.0 = Release|Win32
		{9D8072CC-D63B-4BE9-A013-E1DEA593878B}.Debug|x64.ActiveCfg = Debug|x64
		{9D8072CC-D63B-4BE9-A013-E1DEA593878B}.Debug|x64.Build.0 = Debug|x64
		{9D8072CC-D63B-4BE9-A013-E1DEA593878B}.Debug|x86.ActiveCfg = Debug|Win32
		{9D8072CC-D63B-4BE9-A013-E1DEA593878B}.Debug|x86.Build.0 = Debug|Win32
		{9D8072CC-D63B-4BE9-A013-E1DEA593878B}.Release|x64.ActiveCfg = Release|x64
		{9D8072CC-D63B-4BE9-A013-E1DEA593878B}.Release|x64.Build.0 = Release|x64
		{9D8072CC-D63B-4BE9-A013-E1DEA593878B}.Release|x86.ActiveCfg = Release|Win32
		{9D8072CC-D63B-4BE9-A013-E1DEA593878B}.Release|x86.Build.0 = Release|Win32
		{16DCD2CE-0107-4E45-90A6-9D7598A0A2BB}.Debug|x64.ActiveCfg = Debug|x64
		{16DCD2CE-0107-4E45-90A6-9D7598A0A2BB}.Debug|x64.Build.0 = Debug|x64
		{16DCD2CE-0107-4E45-90A6-9D7598A0A2BB}.Debug|x86.ActiveCfg = Debug|Win32
		{16DCD2CE-0107-4E45-90A6-9D7598A0A2BB}.Debug|x86.Build.0 = Debug|Win32
		{16DCD2CE-0107-4E45-90A6-9D7598A0A2BB}.Release|x64.ActiveCfg = Release|x64
		{16DCD2CE-0107-4E45-90A6-9D7598A0A2BB}.Release|x64.Build.0 = Release|x64
		{16DCD2CE-0107-4E45-90A6-9D7598A0A2BB}.Release|x86.ActiveCfg = Release|Win32
		{16DCD2CE-0107-4E45-90A6-9D7598A0A2BB}.Release|x86.Build.0 = Release|Win32
		{4F07FEEE-7F31-420B-9D5F-EFD7E3CA908B}.Debug|x64.ActiveCfg = Debug|x64
		{4F07FEEE-7F31-420B-9D5F-EFD7E3CA908B}.Debug|x64.Build.0 = Debug|x64
		{4F07FEEE-7F31-420B-9D5F-EFD7E3CA908B}.Debug|x86.ActiveCfg = Debug|Win32
		{4F07FEEE-7F31-420B-9D5F-EFD7E3CA908B}.Debug|x86.Build.0 = Debug|Win32
		{4F07FEEE-7F31-420B-9D5F-EFD7E3CA908B}.Release|x64.ActiveCfg = Release|x64
		{4F07FEEE-7F31-420B-9D5F-EFD7E3CA908B}.Release|x64.Build.0 = Release|x64
		{4F07FEEE-7F31-420B-9D5F-EFD7E3CA908B}.Release|x86.ActiveCfg = Release|Win32
		{4F07FEEE-7F31-420B-9D5F-EFD7E3CA908B}.Release|x86.Build.0 = Release|Win32
	EndGlobalSection
	GlobalSection(SolutionProperties) = preSolution
		HideSolutionNode = FALSE
	EndGlobalSection
EndGlobal
