<?xml version="1.0" encoding="utf-8"?>
<Project ToolsVersion="4.0" xmlns="http://schemas.microsoft.com/developer/msbuild/2003">
  <ItemGroup>
    <Filter Include="源文件">
      <UniqueIdentifier>{4FC737F1-C7A5-4376-A066-2A32D752A2FF}</UniqueIdentifier>
      <Extensions>cpp;c;cc;cxx;def;odl;idl;hpj;bat;asm;asmx</Extensions>
    </Filter>
    <Filter Include="头文件">
      <UniqueIdentifier>{93995380-89BD-4b04-88EB-625FBE52EBFB}</UniqueIdentifier>
      <Extensions>h;hh;hpp;hxx;hm;inl;inc;xsd</Extensions>
    </Filter>
    <Filter Include="资源文件">
      <UniqueIdentifier>{67DA6AB6-F800-4c08-8B7A-83BB121AAD01}</UniqueIdentifier>
      <Extensions>rc;ico;cur;bmp;dlg;rc2;rct;bin;rgs;gif;jpg;jpeg;jpe;resx;tiff;tif;png;wav;mfcribbon-ms</Extensions>
    </Filter>
    <Filter Include="tool">
      <UniqueIdentifier>{5d67deeb-e25c-4810-ac17-58e92f1d5d91}</UniqueIdentifier>
    </Filter>
    <Filter Include="frame">
      <UniqueIdentifier>{7f6fdb7d-096c-40d2-9349-f2e6b38af5b3}</UniqueIdentifier>
    </Filter>
  </ItemGroup>
  <ItemGroup>
    <ClInclude Include="..\..\tool\auto_adapter.h">
      <Filter>tool</Filter>
    </ClInclude>
    <ClInclude Include="..\..\tool\mail.h">
      <Filter>tool</Filter>
    </ClInclude>
    <ClInclude Include="..\..\tool\thread_tool.h">
      <Filter>tool</Filter>
    </ClInclude>
    <ClInclude Include="..\..\tool\tmp.h">
      <Filter>tool</Filter>
    </ClInclude>
    <ClInclude Include="..\..\tool\tmpcall.h">
      <Filter>tool</Filter>
    </ClInclude>
    <ClInclude Include="..\..\tool\tool.h">
      <Filter>tool</Filter>
    </ClInclude>
    <ClInclude Include="..\..\frame\adapter.h">
      <Filter>frame</Filter>
    </ClInclude>
    <ClInclude Include="..\..\frame\define.h">
      <Filter>frame</Filter>
    </ClInclude>
    <ClInclude Include="..\..\frame\error.h">
      <Filter>frame</Filter>
    </ClInclude>
    <ClInclude Include="..\..\frame\event.h">
      <Filter>frame</Filter>
    </ClInclude>
    <ClInclude Include="..\..\frame\viewer.h">
      <Filter>frame</Filter>
    </ClInclude>
    <ClInclude Include="..\..\form.h">
      <Filter>头文件</Filter>
    </ClInclude>
    <ClInclude Include="..\..\plugin.h">
      <Filter>头文件</Filter>
    </ClInclude>
    <ClInclude Include="..\..\po.h">
      <Filter>头文件</Filter>
    </ClInclude>
    <ClInclude Include="..\..\renderer.h">
      <Filter>头文件</Filter>
    </ClInclude>
    <ClInclude Include="..\..\frame\scene.h">
      <Filter>frame</Filter>
    </ClInclude>
  </ItemGroup>
  <ItemGroup>
    <None Include="..\..\tool\readme.md">
      <Filter>tool</Filter>
    </None>
  </ItemGroup>
  <ItemGroup>
    <ClCompile Include="..\..\tool\thread_tool.cpp">
      <Filter>tool</Filter>
    </ClCompile>
    <ClCompile Include="..\..\frame\define.cpp">
      <Filter>frame</Filter>
    </ClCompile>
    <ClCompile Include="..\..\plugin.cpp">
      <Filter>源文件</Filter>
    </ClCompile>
    <ClCompile Include="..\..\po.cpp">
      <Filter>源文件</Filter>
    </ClCompile>
    <ClCompile Include="..\..\renderer.cpp">
      <Filter>源文件</Filter>
    </ClCompile>
    <ClCompile Include="..\..\frame\scene.cpp">
      <Filter>frame</Filter>
    </ClCompile>
  </ItemGroup>
</Project>