
Microsoft Visual Studio Solution File, Format Version 12.00
# Visual Studio 15
VisualStudioVersion = 15.0.27428.2037
MinimumVisualStudioVersion = 10.0.40219.1
Project("{8BC9CEB8-8B4A-11D0-8D11-00A0C91BC942}") = "po_dx11_demo", "po_dx11_demo\po_dx11_demo.vcxproj", "{729BAD55-8C86-4754-9D44-F0DCF6F835BA}"
	ProjectSection(ProjectDependencies) = postProject
		{D86C8D07-8095-4A25-9666-AACE49CE33F0} = {D86C8D07-8095-4A25-9666-AACE49CE33F0}
		{9726494C-B366-44D1-A413-2429B019F6D9} = {9726494C-B366-44D1-A413-2429B019F6D9}
	EndProjectSection
EndProject
Project("{8BC9CEB8-8B4A-11D0-8D11-00A0C91BC942}") = "po", "..\..\project\vs2017\po\po.vcxproj", "{9726494C-B366-44D1-A413-2429B019F6D9}"
EndProject
Project("{8BC9CEB8-8B4A-11D0-8D11-00A0C91BC942}") = "dx11", "..\..\project\vs2017\dx11\dx11.vcxproj", "{D86C8D07-8095-4A25-9666-AACE49CE33F0}"
EndProject
Global
	GlobalSection(SolutionConfigurationPlatforms) = preSolution
		Debug|x64 = Debug|x64
		Debug|x86 = Debug|x86
		Release|x64 = Release|x64
		Release|x86 = Release|x86
	EndGlobalSection
	GlobalSection(ProjectConfigurationPlatforms) = postSolution
		{729BAD55-8C86-4754-9D44-F0DCF6F835BA}.Debug|x64.ActiveCfg = Debug|x64
		{729BAD55-8C86-4754-9D44-F0DCF6F835BA}.Debug|x64.Build.0 = Debug|x64
		{729BAD55-8C86-4754-9D44-F0DCF6F835BA}.Debug|x86.ActiveCfg = Debug|Win32
		{729BAD55-8C86-4754-9D44-F0DCF6F835BA}.Debug|x86.Build.0 = Debug|Win32
		{729BAD55-8C86-4754-9D44-F0DCF6F835BA}.Release|x64.ActiveCfg = Release|x64
		{729BAD55-8C86-4754-9D44-F0DCF6F835BA}.Release|x64.Build.0 = Release|x64
		{729BAD55-8C86-4754-9D44-F0DCF6F835BA}.Release|x86.ActiveCfg = Release|Win32
		{729BAD55-8C86-4754-9D44-F0DCF6F835BA}.Release|x86.Build.0 = Release|Win32
		{9726494C-B366-44D1-A413-2429B019F6D9}.Debug|x64.ActiveCfg = Debug|x64
		{9726494C-B366-44D1-A413-2429B019F6D9}.Debug|x64.Build.0 = Debug|x64
		{9726494C-B366-44D1-A413-2429B019F6D9}.Debug|x86.ActiveCfg = Debug|Win32
		{9726494C-B366-44D1-A413-2429B019F6D9}.Debug|x86.Build.0 = Debug|Win32
		{9726494C-B366-44D1-A413-2429B019F6D9}.Release|x64.ActiveCfg = Release|x64
		{9726494C-B366-44D1-A413-2429B019F6D9}.Release|x64.Build.0 = Release|x64
		{9726494C-B366-44D1-A413-2429B019F6D9}.Release|x86.ActiveCfg = Release|Win32
		{9726494C-B366-44D1-A413-2429B019F6D9}.Release|x86.Build.0 = Release|Win32
		{D86C8D07-8095-4A25-9666-AACE49CE33F0}.Debug|x64.ActiveCfg = Debug|x64
		{D86C8D07-8095-4A25-9666-AACE49CE33F0}.Debug|x64.Build.0 = Debug|x64
		{D86C8D07-8095-4A25-9666-AACE49CE33F0}.Debug|x86.ActiveCfg = Debug|Win32
		{D86C8D07-8095-4A25-9666-AACE49CE33F0}.Debug|x86.Build.0 = Debug|Win32
		{D86C8D07-8095-4A25-9666-AACE49CE33F0}.Release|x64.ActiveCfg = Release|x64
		{D86C8D07-8095-4A25-9666-AACE49CE33F0}.Release|x64.Build.0 = Release|x64
		{D86C8D07-8095-4A25-9666-AACE49CE33F0}.Release|x86.ActiveCfg = Release|Win32
		{D86C8D07-8095-4A25-9666-AACE49CE33F0}.Release|x86.Build.0 = Release|Win32
	EndGlobalSection
	GlobalSection(SolutionProperties) = preSolution
		HideSolutionNode = FALSE
	EndGlobalSection
	GlobalSection(ExtensibilityGlobals) = postSolution
		SolutionGuid = {FC932D2C-0824-42BF-A149-5FCAD6AAD75D}
	EndGlobalSection
EndGlobal
